
Microsoft Visual Studio Solution File, Format Version 12.00
# Visual Studio Version 16
VisualStudioVersion = 16.0.31112.23
MinimumVisualStudioVersion = 10.0.40219.1
Project("{9A19103F-16F7-4668-BE54-9A1E7A4F7556}") = "FMTool", "FMTool\FMTool.csproj", "{36B64B87-4FE3-4F8F-8BF9-F2AD51D27459}"
EndProject
Project("{9A19103F-16F7-4668-BE54-9A1E7A4F7556}") = "FMTest", "FMTest\FMTest.csproj", "{7A13F94A-B45E-4D98-9863-A2BF95CA3A01}"
EndProject
Project("{9A19103F-16F7-4668-BE54-9A1E7A4F7556}") = "FmToolApp", "FmToolApp\FmToolApp.csproj", "{03DD0506-4DE2-491D-8A90-ADD3D7660868}"
EndProject
Global
	GlobalSection(SolutionConfigurationPlatforms) = preSolution
		Debug|Any CPU = Debug|Any CPU
		Release|Any CPU = Release|Any CPU
	EndGlobalSection
	GlobalSection(ProjectConfigurationPlatforms) = postSolution
		{36B64B87-4FE3-4F8F-8BF9-F2AD51D27459}.Debug|Any CPU.ActiveCfg = Debug|Any CPU
		{36B64B87-4FE3-4F8F-8BF9-F2AD51D27459}.Debug|Any CPU.Build.0 = Debug|Any CPU
		{36B64B87-4FE3-4F8F-8BF9-F2AD51D27459}.Release|Any CPU.ActiveCfg = Release|Any CPU
		{36B64B87-4FE3-4F8F-8BF9-F2AD51D27459}.Release|Any CPU.Build.0 = Release|Any CPU
		{7A13F94A-B45E-4D98-9863-A2BF95CA3A01}.Debug|Any CPU.ActiveCfg = Debug|Any CPU
		{7A13F94A-B45E-4D98-9863-A2BF95CA3A01}.Debug|Any CPU.Build.0 = Debug|Any CPU
		{7A13F94A-B45E-4D98-9863-A2BF95CA3A01}.Release|Any CPU.ActiveCfg = Release|Any CPU
		{7A13F94A-B45E-4D98-9863-A2BF95CA3A01}.Release|Any CPU.Build.0 = Release|Any CPU
		{03DD0506-4DE2-491D-8A90-ADD3D7660868}.Debug|Any CPU.ActiveCfg = Debug|Any CPU
		{03DD0506-4DE2-491D-8A90-ADD3D7660868}.Debug|Any CPU.Build.0 = Debug|Any CPU
		{03DD0506-4DE2-491D-8A90-ADD3D7660868}.Release|Any CPU.ActiveCfg = Release|Any CPU
		{03DD0506-4DE2-491D-8A90-ADD3D7660868}.Release|Any CPU.Build.0 = Release|Any CPU
	EndGlobalSection
	GlobalSection(SolutionProperties) = preSolution
		HideSolutionNode = FALSE
	EndGlobalSection
	GlobalSection(ExtensibilityGlobals) = postSolution
		SolutionGuid = {39A17A38-17BF-40AA-9F73-83B37CF3007E}
	EndGlobalSection
EndGlobal
